
Microsoft Visual Studio Solution File, Format Version 12.00
# Visual Studio Version 17
VisualStudioVersion = 17.3.32922.545
MinimumVisualStudioVersion = 10.0.40219.1
Project("{FAE04EC0-301F-11D3-BF4B-00C04F79EFBC}") = "Activity7", "Activity7.csproj", "{57C919DC-F52B-4FEB-BA14-BF63FDE0DE9B}"
EndProject
Global
	GlobalSection(SolutionConfigurationPlatforms) = preSolution
		Debug|Any CPU = Debug|Any CPU
		Release|Any CPU = Release|Any CPU
	EndGlobalSection
	GlobalSection(ProjectConfigurationPlatforms) = postSolution
		{57C919DC-F52B-4FEB-BA14-BF63FDE0DE9B}.Debug|Any CPU.ActiveCfg = Debug|Any CPU
		{57C919DC-F52B-4FEB-BA14-BF63FDE0DE9B}.Debug|Any CPU.Build.0 = Debug|Any CPU
		{57C919DC-F52B-4FEB-BA14-BF63FDE0DE9B}.Release|Any CPU.ActiveCfg = Release|Any CPU
		{57C919DC-F52B-4FEB-BA14-BF63FDE0DE9B}.Release|Any CPU.Build.0 = Release|Any CPU
	EndGlobalSection
	GlobalSection(SolutionProperties) = preSolution
		HideSolutionNode = FALSE
	EndGlobalSection
	GlobalSection(ExtensibilityGlobals) = postSolution
		SolutionGuid = {33EA5BAB-5C75-4B32-B987-FC5E252273C1}
	EndGlobalSection
EndGlobal
