
Microsoft Visual Studio Solution File, Format Version 12.00
# Visual Studio Version 17
VisualStudioVersion = 17.3.32922.545
MinimumVisualStudioVersion = 10.0.40219.1
Project("{FAE04EC0-301F-11D3-BF4B-00C04F79EFBC}") = "Activity12", "Activity12.csproj", "{097DF1F1-5BE1-4701-A350-8559274B1A8B}"
EndProject
Global
	GlobalSection(SolutionConfigurationPlatforms) = preSolution
		Debug|Any CPU = Debug|Any CPU
		Release|Any CPU = Release|Any CPU
	EndGlobalSection
	GlobalSection(ProjectConfigurationPlatforms) = postSolution
		{097DF1F1-5BE1-4701-A350-8559274B1A8B}.Debug|Any CPU.ActiveCfg = Debug|Any CPU
		{097DF1F1-5BE1-4701-A350-8559274B1A8B}.Debug|Any CPU.Build.0 = Debug|Any CPU
		{097DF1F1-5BE1-4701-A350-8559274B1A8B}.Release|Any CPU.ActiveCfg = Release|Any CPU
		{097DF1F1-5BE1-4701-A350-8559274B1A8B}.Release|Any CPU.Build.0 = Release|Any CPU
	EndGlobalSection
	GlobalSection(SolutionProperties) = preSolution
		HideSolutionNode = FALSE
	EndGlobalSection
	GlobalSection(ExtensibilityGlobals) = postSolution
		SolutionGuid = {866C385F-3713-42A3-8DED-50043E57612E}
	EndGlobalSection
EndGlobal
