
Microsoft Visual Studio Solution File, Format Version 12.00
# Visual Studio Version 17
VisualStudioVersion = 17.3.32922.545
MinimumVisualStudioVersion = 10.0.40219.1
Project("{FAE04EC0-301F-11D3-BF4B-00C04F79EFBC}") = "Milestone2", "Milestone2.csproj", "{42D8270C-47EA-4182-8124-6495810AA15F}"
EndProject
Global
	GlobalSection(SolutionConfigurationPlatforms) = preSolution
		Debug|Any CPU = Debug|Any CPU
		Release|Any CPU = Release|Any CPU
	EndGlobalSection
	GlobalSection(ProjectConfigurationPlatforms) = postSolution
		{42D8270C-47EA-4182-8124-6495810AA15F}.Debug|Any CPU.ActiveCfg = Debug|Any CPU
		{42D8270C-47EA-4182-8124-6495810AA15F}.Debug|Any CPU.Build.0 = Debug|Any CPU
		{42D8270C-47EA-4182-8124-6495810AA15F}.Release|Any CPU.ActiveCfg = Release|Any CPU
		{42D8270C-47EA-4182-8124-6495810AA15F}.Release|Any CPU.Build.0 = Release|Any CPU
	EndGlobalSection
	GlobalSection(SolutionProperties) = preSolution
		HideSolutionNode = FALSE
	EndGlobalSection
	GlobalSection(ExtensibilityGlobals) = postSolution
		SolutionGuid = {E4234DF5-2EDE-401C-AB12-17414B3EDDC0}
	EndGlobalSection
EndGlobal
