
Microsoft Visual Studio Solution File, Format Version 12.00
# Visual Studio Version 17
VisualStudioVersion = 17.3.32804.467
MinimumVisualStudioVersion = 10.0.40219.1
Project("{FAE04EC0-301F-11D3-BF4B-00C04F79EFBC}") = "Activity6", "Activity6.csproj", "{8F032263-68F9-4506-A02F-C2B1B5A2B154}"
EndProject
Global
	GlobalSection(SolutionConfigurationPlatforms) = preSolution
		Debug|Any CPU = Debug|Any CPU
		Release|Any CPU = Release|Any CPU
	EndGlobalSection
	GlobalSection(ProjectConfigurationPlatforms) = postSolution
		{8F032263-68F9-4506-A02F-C2B1B5A2B154}.Debug|Any CPU.ActiveCfg = Debug|Any CPU
		{8F032263-68F9-4506-A02F-C2B1B5A2B154}.Debug|Any CPU.Build.0 = Debug|Any CPU
		{8F032263-68F9-4506-A02F-C2B1B5A2B154}.Release|Any CPU.ActiveCfg = Release|Any CPU
		{8F032263-68F9-4506-A02F-C2B1B5A2B154}.Release|Any CPU.Build.0 = Release|Any CPU
	EndGlobalSection
	GlobalSection(SolutionProperties) = preSolution
		HideSolutionNode = FALSE
	EndGlobalSection
	GlobalSection(ExtensibilityGlobals) = postSolution
		SolutionGuid = {3D12B682-2E15-4F4B-B86F-C322CE2873F1}
	EndGlobalSection
EndGlobal
