
Microsoft Visual Studio Solution File, Format Version 12.00
# Visual Studio Version 17
VisualStudioVersion = 17.3.32922.545
MinimumVisualStudioVersion = 10.0.40219.1
Project("{FAE04EC0-301F-11D3-BF4B-00C04F79EFBC}") = "Activity8", "Activity8.csproj", "{3B72A974-06BA-4273-9B08-97F3856FE586}"
EndProject
Global
	GlobalSection(SolutionConfigurationPlatforms) = preSolution
		Debug|Any CPU = Debug|Any CPU
		Release|Any CPU = Release|Any CPU
	EndGlobalSection
	GlobalSection(ProjectConfigurationPlatforms) = postSolution
		{3B72A974-06BA-4273-9B08-97F3856FE586}.Debug|Any CPU.ActiveCfg = Debug|Any CPU
		{3B72A974-06BA-4273-9B08-97F3856FE586}.Debug|Any CPU.Build.0 = Debug|Any CPU
		{3B72A974-06BA-4273-9B08-97F3856FE586}.Release|Any CPU.ActiveCfg = Release|Any CPU
		{3B72A974-06BA-4273-9B08-97F3856FE586}.Release|Any CPU.Build.0 = Release|Any CPU
	EndGlobalSection
	GlobalSection(SolutionProperties) = preSolution
		HideSolutionNode = FALSE
	EndGlobalSection
	GlobalSection(ExtensibilityGlobals) = postSolution
		SolutionGuid = {86FA0022-7CFF-4F7E-B6B1-28A0DF3946BF}
	EndGlobalSection
EndGlobal
